
Microsoft Visual Studio Solution File, Format Version 12.00
# Visual Studio 15
VisualStudioVersion = 15.0.27703.2047
MinimumVisualStudioVersion = 10.0.40219.1
Project("{FAE04EC0-301F-11D3-BF4B-00C04F79EFBC}") = "API.CoinMarketCap", "API.CoinMarketCap\API.CoinMarketCap.csproj", "{9699F980-E6D8-43BF-859F-AFA4FB76FF59}"
EndProject
Project("{FAE04EC0-301F-11D3-BF4B-00C04F79EFBC}") = "API.CoinMarketCap.Tests", "API.CoinMarketCap.Tests\API.CoinMarketCap.Tests.csproj", "{6A858ACF-7041-4B95-A79A-EB8FDB780B4E}"
EndProject
Global
	GlobalSection(SolutionConfigurationPlatforms) = preSolution
		Debug|Any CPU = Debug|Any CPU
		Release|Any CPU = Release|Any CPU
	EndGlobalSection
	GlobalSection(ProjectConfigurationPlatforms) = postSolution
		{9699F980-E6D8-43BF-859F-AFA4FB76FF59}.Debug|Any CPU.ActiveCfg = Debug|Any CPU
		{9699F980-E6D8-43BF-859F-AFA4FB76FF59}.Debug|Any CPU.Build.0 = Debug|Any CPU
		{9699F980-E6D8-43BF-859F-AFA4FB76FF59}.Release|Any CPU.ActiveCfg = Release|Any CPU
		{9699F980-E6D8-43BF-859F-AFA4FB76FF59}.Release|Any CPU.Build.0 = Release|Any CPU
		{6A858ACF-7041-4B95-A79A-EB8FDB780B4E}.Debug|Any CPU.ActiveCfg = Debug|Any CPU
		{6A858ACF-7041-4B95-A79A-EB8FDB780B4E}.Debug|Any CPU.Build.0 = Debug|Any CPU
		{6A858ACF-7041-4B95-A79A-EB8FDB780B4E}.Release|Any CPU.ActiveCfg = Release|Any CPU
		{6A858ACF-7041-4B95-A79A-EB8FDB780B4E}.Release|Any CPU.Build.0 = Release|Any CPU
	EndGlobalSection
	GlobalSection(SolutionProperties) = preSolution
		HideSolutionNode = FALSE
	EndGlobalSection
	GlobalSection(ExtensibilityGlobals) = postSolution
		SolutionGuid = {4CA19C63-78BB-40AC-85CB-6210BDD570CA}
	EndGlobalSection
EndGlobal
